
Microsoft Visual Studio Solution File, Format Version 12.00
# Visual Studio Version 17
VisualStudioVersion = 17.9.34728.123
MinimumVisualStudioVersion = 10.0.40219.1
Project("{FAE04EC0-301F-11D3-BF4B-00C04F79EFBC}") = "HireMePls", "HireMePls\HireMePls.csproj", "{F9626B74-669B-4C2C-A748-7EDF14D963ED}"
EndProject
Global
	GlobalSection(SolutionConfigurationPlatforms) = preSolution
		Debug|Any CPU = Debug|Any CPU
		Release|Any CPU = Release|Any CPU
	EndGlobalSection
	GlobalSection(ProjectConfigurationPlatforms) = postSolution
		{F9626B74-669B-4C2C-A748-7EDF14D963ED}.Debug|Any CPU.ActiveCfg = Debug|Any CPU
		{F9626B74-669B-4C2C-A748-7EDF14D963ED}.Debug|Any CPU.Build.0 = Debug|Any CPU
		{F9626B74-669B-4C2C-A748-7EDF14D963ED}.Release|Any CPU.ActiveCfg = Release|Any CPU
		{F9626B74-669B-4C2C-A748-7EDF14D963ED}.Release|Any CPU.Build.0 = Release|Any CPU
	EndGlobalSection
	GlobalSection(SolutionProperties) = preSolution
		HideSolutionNode = FALSE
	EndGlobalSection
	GlobalSection(ExtensibilityGlobals) = postSolution
		SolutionGuid = {A1C6AA4B-C641-4F0F-ABFF-EE8C08E81B88}
	EndGlobalSection
EndGlobal
